<?xml version="1.0" encoding="utf-8"?>
<Project ToolsVersion="4.0" xmlns="http://schemas.microsoft.com/developer/msbuild/2003">
  <ItemGroup>
    <Filter Include="Source Files">
      <UniqueIdentifier>{4FC737F1-C7A5-4376-A066-2A32D752A2FF}</UniqueIdentifier>
      <Extensions>cpp;c;cc;cxx;def;odl;idl;hpj;bat;asm;asmx</Extensions>
    </Filter>
    <Filter Include="Header Files">
      <UniqueIdentifier>{93995380-89BD-4b04-88EB-625FBE52EBFB}</UniqueIdentifier>
      <Extensions>h;hh;hpp;hxx;hm;inl;inc;xsd</Extensions>
    </Filter>
    <Filter Include="Resource Files">
      <UniqueIdentifier>{67DA6AB6-F800-4c08-8B7A-83BB121AAD01}</UniqueIdentifier>
      <Extensions>rc;ico;cur;bmp;dlg;rc2;rct;bin;rgs;gif;jpg;jpeg;jpe;resx;tiff;tif;png;wav;mfcribbon-ms</Extensions>
    </Filter>
    <Filter Include="Generated Files">
      <UniqueIdentifier>{ec735782-f7de-49e2-acdb-d21ab3e81a5f}</UniqueIdentifier>
      <SourceControlFiles>False</SourceControlFiles>
    </Filter>
  </ItemGroup>
  <ItemGroup>
    <ClCompile Include="rtc_i.c">
      <Filter>Generated Files</Filter>
    </ClCompile>
    <ClCompile Include="dllmain.cxx">
      <Filter>Source Files</Filter>
    </ClCompile>
    <ClCompile Include="rtc.cxx">
      <Filter>Source Files</Filter>
    </ClCompile>
    <ClCompile Include="Display.cxx">
      <Filter>Source Files</Filter>
    </ClCompile>
    <ClCompile Include="AsyncEvent.cxx">
      <Filter>Source Files</Filter>
    </ClCompile>
    <ClCompile Include="Plugin.cxx">
      <Filter>Source Files</Filter>
    </ClCompile>
    <ClCompile Include="Utils.cxx">
      <Filter>Source Files</Filter>
    </ClCompile>
    <ClCompile Include="Helper.cxx">
      <Filter>Source Files</Filter>
    </ClCompile>
    <ClCompile Include="MediaDevices.cxx">
      <Filter>Source Files</Filter>
    </ClCompile>
    <ClCompile Include="MediaStream.cxx">
      <Filter>Source Files</Filter>
    </ClCompile>
    <ClCompile Include="MediaTrackSupportedConstraints.cxx">
      <Filter>Source Files</Filter>
    </ClCompile>
    <ClCompile Include="Promise.cxx">
      <Filter>Source Files</Filter>
    </ClCompile>
    <ClCompile Include="ATLBrowserCallback.cxx">
      <Filter>Source Files</Filter>
    </ClCompile>
    <ClCompile Include="ErrorMessage.cxx">
      <Filter>Source Files</Filter>
    </ClCompile>
    <ClCompile Include="MediaStreamTrack.cxx">
      <Filter>Source Files</Filter>
    </ClCompile>
    <ClCompile Include="ExMediaStream.cxx">
      <Filter>Source Files</Filter>
    </ClCompile>
    <ClCompile Include="ExMediaStreamTrack.cxx">
      <Filter>Source Files</Filter>
    </ClCompile>
    <ClCompile Include="MediaTrackConstraints.cxx">
      <Filter>Source Files</Filter>
    </ClCompile>
    <ClCompile Include="ExMediaTrackConstraints.cxx">
      <Filter>Source Files</Filter>
    </ClCompile>
    <ClCompile Include="Common.cxx">
      <Filter>Source Files</Filter>
    </ClCompile>
    <ClCompile Include="ExMediaStreamConstraints.cxx">
      <Filter>Source Files</Filter>
    </ClCompile>
    <ClCompile Include="RTCMediaConstraint.cxx">
      <Filter>Source Files</Filter>
    </ClCompile>
    <ClCompile Include="ExErrorMessage.cxx">
      <Filter>Source Files</Filter>
    </ClCompile>
    <ClCompile Include="ExPromise.cxx">
      <Filter>Source Files</Filter>
    </ClCompile>
    <ClCompile Include="Buffer.cxx">
      <Filter>Source Files</Filter>
    </ClCompile>
    <ClCompile Include="MediaDeviceInfo.cxx">
      <Filter>Source Files</Filter>
    </ClCompile>
    <ClCompile Include="ExMediaDeviceInfo.cxx">
      <Filter>Source Files</Filter>
    </ClCompile>
    <ClCompile Include="ExMediaDevices.cxx">
      <Filter>Source Files</Filter>
    </ClCompile>
    <ClCompile Include="RTCPeerConnection.cxx">
      <Filter>Source Files</Filter>
    </ClCompile>
    <ClCompile Include="ExRTCPeerConnection.cxx">
      <Filter>Source Files</Filter>
    </ClCompile>
    <ClCompile Include="RTCSessionDescription.cxx">
      <Filter>Source Files</Filter>
    </ClCompile>
    <ClCompile Include="ExRTCSessionDescription.cxx">
      <Filter>Source Files</Filter>
    </ClCompile>
    <ClCompile Include="ExRTCError.cxx">
      <Filter>Source Files</Filter>
    </ClCompile>
    <ClCompile Include="RTCError.cxx">
      <Filter>Source Files</Filter>
    </ClCompile>
    <ClCompile Include="RTCIceCandidate.cxx">
      <Filter>Source Files</Filter>
    </ClCompile>
    <ClCompile Include="ExRTCIceCandidate.cxx">
      <Filter>Source Files</Filter>
    </ClCompile>
    <ClCompile Include="RTCPeerConnectionIceEvent.cxx">
      <Filter>Source Files</Filter>
    </ClCompile>
    <ClCompile Include="ExRTCPeerConnectionIceEvent.cxx">
      <Filter>Source Files</Filter>
    </ClCompile>
    <ClCompile Include="MediaStreamEvent.cxx">
      <Filter>Source Files</Filter>
    </ClCompile>
    <ClCompile Include="ExMediaStreamEvent.cxx">
      <Filter>Source Files</Filter>
    </ClCompile>
    <ClCompile Include="Empty.cxx">
      <Filter>Source Files</Filter>
    </ClCompile>
    <ClCompile Include="ExEmpty.cxx">
      <Filter>Source Files</Filter>
    </ClCompile>
    <ClCompile Include="RTCDataChannel.cxx">
      <Filter>Source Files</Filter>
    </ClCompile>
    <ClCompile Include="ExRTCDataChannel.cxx">
      <Filter>Source Files</Filter>
    </ClCompile>
    <ClCompile Include="RTCDataChannelEvent.cxx">
      <Filter>Source Files</Filter>
    </ClCompile>
    <ClCompile Include="ExRTCDataChannelEvent.cxx">
      <Filter>Source Files</Filter>
    </ClCompile>
    <ClCompile Include="DoubangoAudioDeviceModule.cxx">
      <Filter>Source Files</Filter>
    </ClCompile>
    <ClCompile Include="DoubangoDesktopCapturer.cxx">
      <Filter>Source Files</Filter>
    </ClCompile>
    <ClCompile Include="RTCWindow.cxx">
      <Filter>Source Files</Filter>
    </ClCompile>
    <ClCompile Include="RTCScreen.cxx">
      <Filter>Source Files</Filter>
    </ClCompile>
    <ClCompile Include="ExRTCScreen.cxx">
      <Filter>Source Files</Filter>
    </ClCompile>
    <ClCompile Include="ExRTCWindow.cxx">
      <Filter>Source Files</Filter>
    </ClCompile>
  </ItemGroup>
  <ItemGroup>
    <ClInclude Include="Resource.h">
      <Filter>Header Files</Filter>
    </ClInclude>
    <ClInclude Include="dllmain.h">
      <Filter>Header Files</Filter>
    </ClInclude>
    <ClInclude Include="rtc_i.h">
      <Filter>Generated Files</Filter>
    </ClInclude>
    <ClInclude Include="_IPluginEvents_CP.h">
      <Filter>Header Files</Filter>
    </ClInclude>
    <ClInclude Include="Plugin.h">
      <Filter>Header Files</Filter>
    </ClInclude>
    <ClInclude Include="targetver.h">
      <Filter>Header Files</Filter>
    </ClInclude>
    <ClInclude Include="Display.h">
      <Filter>Header Files</Filter>
    </ClInclude>
    <ClInclude Include="AsyncEvent.h">
      <Filter>Header Files</Filter>
    </ClInclude>
    <ClInclude Include="Config.h">
      <Filter>Header Files</Filter>
    </ClInclude>
    <ClInclude Include="Common.h">
      <Filter>Header Files</Filter>
    </ClInclude>
    <ClInclude Include="Utils.h">
      <Filter>Header Files</Filter>
    </ClInclude>
    <ClInclude Include="stdafx.h">
      <Filter>Header Files</Filter>
    </ClInclude>
    <ClInclude Include="Debug.h">
      <Filter>Header Files</Filter>
    </ClInclude>
    <ClInclude Include="Helper.h">
      <Filter>Header Files</Filter>
    </ClInclude>
    <ClInclude Include="MediaDevices.h">
      <Filter>Header Files</Filter>
    </ClInclude>
    <ClInclude Include="MediaStream.h">
      <Filter>Header Files</Filter>
    </ClInclude>
    <ClInclude Include="MediaTrackSupportedConstraints.h">
      <Filter>Header Files</Filter>
    </ClInclude>
    <ClInclude Include="Promise.h">
      <Filter>Header Files</Filter>
    </ClInclude>
    <ClInclude Include="ATLBrowserCallback.h">
      <Filter>Header Files</Filter>
    </ClInclude>
    <ClInclude Include="ErrorMessage.h">
      <Filter>Header Files</Filter>
    </ClInclude>
    <ClInclude Include="MediaStreamTrack.h">
      <Filter>Header Files</Filter>
    </ClInclude>
    <ClInclude Include="ExMediaStream.h">
      <Filter>Header Files</Filter>
    </ClInclude>
    <ClInclude Include="ExMediaStreamTrack.h">
      <Filter>Header Files</Filter>
    </ClInclude>
    <ClInclude Include="MediaTrackConstraints.h">
      <Filter>Header Files</Filter>
    </ClInclude>
    <ClInclude Include="ExMediaTrackConstraints.h">
      <Filter>Header Files</Filter>
    </ClInclude>
    <ClInclude Include="ExMediaStreamConstraints.h">
      <Filter>Header Files</Filter>
    </ClInclude>
    <ClInclude Include="RTCMediaConstraints.h">
      <Filter>Header Files</Filter>
    </ClInclude>
    <ClInclude Include="ExErrorMessage.h">
      <Filter>Header Files</Filter>
    </ClInclude>
    <ClInclude Include="ExPromise.h">
      <Filter>Header Files</Filter>
    </ClInclude>
    <ClInclude Include="Buffer.h">
      <Filter>Header Files</Filter>
    </ClInclude>
    <ClInclude Include="MediaDeviceInfo.h">
      <Filter>Header Files</Filter>
    </ClInclude>
    <ClInclude Include="ExMediaDeviceInfo.h">
      <Filter>Header Files</Filter>
    </ClInclude>
    <ClInclude Include="ExMediaDevices.h">
      <Filter>Header Files</Filter>
    </ClInclude>
    <ClInclude Include="RTCPeerConnection.h">
      <Filter>Header Files</Filter>
    </ClInclude>
    <ClInclude Include="ExRTCPeerConnection.h">
      <Filter>Header Files</Filter>
    </ClInclude>
    <ClInclude Include="RTCSessionDescription.h">
      <Filter>Header Files</Filter>
    </ClInclude>
    <ClInclude Include="ExRTCSessionDescription.h">
      <Filter>Header Files</Filter>
    </ClInclude>
    <ClInclude Include="ExRTCError.h">
      <Filter>Header Files</Filter>
    </ClInclude>
    <ClInclude Include="RTCError.h">
      <Filter>Header Files</Filter>
    </ClInclude>
    <ClInclude Include="RTCIceCandidate.h">
      <Filter>Header Files</Filter>
    </ClInclude>
    <ClInclude Include="ExRTCIceCandidate.h">
      <Filter>Header Files</Filter>
    </ClInclude>
    <ClInclude Include="RTCPeerConnectionIceEvent.h">
      <Filter>Header Files</Filter>
    </ClInclude>
    <ClInclude Include="ExRTCPeerConnectionIceEvent.h">
      <Filter>Header Files</Filter>
    </ClInclude>
    <ClInclude Include="MediaStreamEvent.h">
      <Filter>Header Files</Filter>
    </ClInclude>
    <ClInclude Include="ExMediaStreamEvent.h">
      <Filter>Header Files</Filter>
    </ClInclude>
    <ClInclude Include="Empty.h">
      <Filter>Header Files</Filter>
    </ClInclude>
    <ClInclude Include="ExEmpty.h">
      <Filter>Header Files</Filter>
    </ClInclude>
    <ClInclude Include="RTCDataChannel.h">
      <Filter>Header Files</Filter>
    </ClInclude>
    <ClInclude Include="ExRTCDataChannel.h">
      <Filter>Header Files</Filter>
    </ClInclude>
    <ClInclude Include="RTCDataChannelEvent.h">
      <Filter>Header Files</Filter>
    </ClInclude>
    <ClInclude Include="ExRTCDataChannelEvent.h">
      <Filter>Header Files</Filter>
    </ClInclude>
    <ClInclude Include="DoubangoAudioDeviceModule.h">
      <Filter>Header Files</Filter>
    </ClInclude>
    <ClInclude Include="DoubangoDesktopCapturer.h">
      <Filter>Header Files</Filter>
    </ClInclude>
    <ClInclude Include="RTCWindow.h">
      <Filter>Header Files</Filter>
    </ClInclude>
    <ClInclude Include="RTCScreen.h">
      <Filter>Header Files</Filter>
    </ClInclude>
    <ClInclude Include="ExRTCScreen.h">
      <Filter>Header Files</Filter>
    </ClInclude>
    <ClInclude Include="ExRTCWindow.h">
      <Filter>Header Files</Filter>
    </ClInclude>
  </ItemGroup>
  <ItemGroup>
    <ResourceCompile Include="rtc.rc">
      <Filter>Resource Files</Filter>
    </ResourceCompile>
  </ItemGroup>
  <ItemGroup>
    <None Include="rtc.rgs">
      <Filter>Resource Files</Filter>
    </None>
    <None Include="rtc.def">
      <Filter>Source Files</Filter>
    </None>
    <None Include="Plugin.rgs">
      <Filter>Resource Files</Filter>
    </None>
    <None Include="MediaDevices.rgs">
      <Filter>Resource Files</Filter>
    </None>
    <None Include="MediaStream.rgs">
      <Filter>Resource Files</Filter>
    </None>
    <None Include="MediaTrackSupportedConstraints.rgs">
      <Filter>Resource Files</Filter>
    </None>
    <None Include="Promise.rgs">
      <Filter>Resource Files</Filter>
    </None>
    <None Include="ErrorMessage.rgs">
      <Filter>Resource Files</Filter>
    </None>
    <None Include="MediaStreamTrack.rgs">
      <Filter>Resource Files</Filter>
    </None>
    <None Include="MediaTrackConstraints.rgs">
      <Filter>Resource Files</Filter>
    </None>
    <None Include="MediaDeviceInfo.rgs">
      <Filter>Resource Files</Filter>
    </None>
    <None Include="RTCPeerConnection.rgs">
      <Filter>Resource Files</Filter>
    </None>
    <None Include="RTCSessionDescription.rgs">
      <Filter>Resource Files</Filter>
    </None>
    <None Include="RTCError.rgs">
      <Filter>Resource Files</Filter>
    </None>
    <None Include="RTCIceCandidate.rgs">
      <Filter>Resource Files</Filter>
    </None>
    <None Include="RTCPeerConnectionIceEvent.rgs">
      <Filter>Resource Files</Filter>
    </None>
    <None Include="MediaStreamEvent.rgs">
      <Filter>Resource Files</Filter>
    </None>
    <None Include="Empty.rgs">
      <Filter>Resource Files</Filter>
    </None>
    <None Include="RTCDataChannel.rgs">
      <Filter>Resource Files</Filter>
    </None>
    <None Include="RTCDataChannelEvent.rgs">
      <Filter>Resource Files</Filter>
    </None>
    <None Include="RTCWindow.rgs">
      <Filter>Resource Files</Filter>
    </None>
    <None Include="RTCScreen.rgs">
      <Filter>Resource Files</Filter>
    </None>
  </ItemGroup>
  <ItemGroup>
    <Midl Include="rtc.idl">
      <Filter>Source Files</Filter>
    </Midl>
  </ItemGroup>
  <ItemGroup>
    <Image Include="Plugin.bmp">
      <Filter>Resource Files</Filter>
    </Image>
  </ItemGroup>
</Project>